
Microsoft Visual Studio Solution File, Format Version 12.00
# Visual Studio Version 17
VisualStudioVersion = 17.9.34714.143
MinimumVisualStudioVersion = 10.0.40219.1
Project("{FAE04EC0-301F-11D3-BF4B-00C04F79EFBC}") = "PomaPlayer.Crypto.Web", "PomaPlayer.Crypto.Web\PomaPlayer.Crypto.Web.csproj", "{62E5E6DC-0E65-4EB6-A2A9-2791717DC3D4}"
EndProject
Project("{FAE04EC0-301F-11D3-BF4B-00C04F79EFBC}") = "PomaPlayer.Crypto.Logic", "PomaPlayer.Crypto.Logic\PomaPlayer.Crypto.Logic.csproj", "{B8614FC5-399A-49A5-8212-0A73DF2E8511}"
EndProject
Global
	GlobalSection(SolutionConfigurationPlatforms) = preSolution
		Debug|Any CPU = Debug|Any CPU
		Release|Any CPU = Release|Any CPU
	EndGlobalSection
	GlobalSection(ProjectConfigurationPlatforms) = postSolution
		{62E5E6DC-0E65-4EB6-A2A9-2791717DC3D4}.Debug|Any CPU.ActiveCfg = Debug|Any CPU
		{62E5E6DC-0E65-4EB6-A2A9-2791717DC3D4}.Debug|Any CPU.Build.0 = Debug|Any CPU
		{62E5E6DC-0E65-4EB6-A2A9-2791717DC3D4}.Release|Any CPU.ActiveCfg = Release|Any CPU
		{62E5E6DC-0E65-4EB6-A2A9-2791717DC3D4}.Release|Any CPU.Build.0 = Release|Any CPU
		{B8614FC5-399A-49A5-8212-0A73DF2E8511}.Debug|Any CPU.ActiveCfg = Debug|Any CPU
		{B8614FC5-399A-49A5-8212-0A73DF2E8511}.Debug|Any CPU.Build.0 = Debug|Any CPU
		{B8614FC5-399A-49A5-8212-0A73DF2E8511}.Release|Any CPU.ActiveCfg = Release|Any CPU
		{B8614FC5-399A-49A5-8212-0A73DF2E8511}.Release|Any CPU.Build.0 = Release|Any CPU
	EndGlobalSection
	GlobalSection(SolutionProperties) = preSolution
		HideSolutionNode = FALSE
	EndGlobalSection
	GlobalSection(ExtensibilityGlobals) = postSolution
		SolutionGuid = {9F4BF59C-65A9-4738-A04C-D7BF7D6F83E7}
	EndGlobalSection
EndGlobal
